
Microsoft Visual Studio Solution File, Format Version 12.00
# Visual Studio 15
VisualStudioVersion = 15.0.28010.2046
MinimumVisualStudioVersion = 10.0.40219.1
Project("{FAE04EC0-301F-11D3-BF4B-00C04F79EFBC}") = "WebService", "WebService\WebService.csproj", "{FAC97D1A-3B7D-448B-A1B6-5478D662897B}"
EndProject
Global
	GlobalSection(SolutionConfigurationPlatforms) = preSolution
		Debug|Any CPU = Debug|Any CPU
		Release|Any CPU = Release|Any CPU
	EndGlobalSection
	GlobalSection(ProjectConfigurationPlatforms) = postSolution
		{FAC97D1A-3B7D-448B-A1B6-5478D662897B}.Debug|Any CPU.ActiveCfg = Debug|Any CPU
		{FAC97D1A-3B7D-448B-A1B6-5478D662897B}.Debug|Any CPU.Build.0 = Debug|Any CPU
		{FAC97D1A-3B7D-448B-A1B6-5478D662897B}.Release|Any CPU.ActiveCfg = Release|Any CPU
		{FAC97D1A-3B7D-448B-A1B6-5478D662897B}.Release|Any CPU.Build.0 = Release|Any CPU
	EndGlobalSection
	GlobalSection(SolutionProperties) = preSolution
		HideSolutionNode = FALSE
	EndGlobalSection
	GlobalSection(ExtensibilityGlobals) = postSolution
		SolutionGuid = {56FD8397-1E08-4163-AF08-A7AFD1D50B50}
	EndGlobalSection
EndGlobal
